
Microsoft Visual Studio Solution File, Format Version 12.00
# Visual Studio Version 16
VisualStudioVersion = 16.0.32228.343
MinimumVisualStudioVersion = 10.0.40219.1
Project("{FAE04EC0-301F-11D3-BF4B-00C04F79EFBC}") = "CSharpProject", "CSharpProject.csproj", "{BB04963A-8C41-4B28-9B5B-62DFFCF1D21C}"
EndProject
Global
	GlobalSection(SolutionConfigurationPlatforms) = preSolution
		Debug|Any CPU = Debug|Any CPU
		Release|Any CPU = Release|Any CPU
	EndGlobalSection
	GlobalSection(ProjectConfigurationPlatforms) = postSolution
		{BB04963A-8C41-4B28-9B5B-62DFFCF1D21C}.Debug|Any CPU.ActiveCfg = Debug|Any CPU
		{BB04963A-8C41-4B28-9B5B-62DFFCF1D21C}.Debug|Any CPU.Build.0 = Debug|Any CPU
		{BB04963A-8C41-4B28-9B5B-62DFFCF1D21C}.Release|Any CPU.ActiveCfg = Release|Any CPU
		{BB04963A-8C41-4B28-9B5B-62DFFCF1D21C}.Release|Any CPU.Build.0 = Release|Any CPU
	EndGlobalSection
	GlobalSection(SolutionProperties) = preSolution
		HideSolutionNode = FALSE
	EndGlobalSection
	GlobalSection(ExtensibilityGlobals) = postSolution
		SolutionGuid = {EDC6A4CE-E253-4D8C-941D-A443B9B881C2}
	EndGlobalSection
EndGlobal
